PODS:
  - AdsReword (0.1.0)
  - FBSnapshotTestCase (2.1.4):
    - FBSnapshotTestCase/SwiftSupport (= 2.1.4)
  - FBSnapshotTestCase/Core (2.1.4)
  - FBSnapshotTestCase/SwiftSupport (2.1.4):
    - FBSnapshotTestCase/Core

DEPENDENCIES:
  - AdsReword (from `../`)
  - FBSnapshotTestCase (~> 2.1.4)

SPEC REPOS:
  trunk:
    - FBSnapshotTestCase

EXTERNAL SOURCES:
  AdsReword:
    :path: "../"

SPEC CHECKSUMS:
  AdsReword: 87217f2d447657754ffb7b753786cee12065cdb4
  FBSnapshotTestCase: 094f9f314decbabe373b87cc339bea235a63e07a

PODFILE CHECKSUM: 69699d71dbc2a71064da4cea6fed1e938e182ad8

COCOAPODS: 1.8.4
